
Microsoft Visual Studio Solution File, Format Version 12.00
# Visual Studio Version 17
VisualStudioVersion = 17.6.33829.357
MinimumVisualStudioVersion = 10.0.40219.1
Project("{FAE04EC0-301F-11D3-BF4B-00C04F79EFBC}") = "EmployeeManager.API", "APIEmployeeManager\EmployeeManager.API.csproj", "{7EA22BD7-54BD-4001-9CD3-95DB53A52903}"
EndProject
Global
	GlobalSection(SolutionConfigurationPlatforms) = preSolution
		Debug|Any CPU = Debug|Any CPU
		Release|Any CPU = Release|Any CPU
	EndGlobalSection
	GlobalSection(ProjectConfigurationPlatforms) = postSolution
		{7EA22BD7-54BD-4001-9CD3-95DB53A52903}.Debug|Any CPU.ActiveCfg = Debug|Any CPU
		{7EA22BD7-54BD-4001-9CD3-95DB53A52903}.Debug|Any CPU.Build.0 = Debug|Any CPU
		{7EA22BD7-54BD-4001-9CD3-95DB53A52903}.Release|Any CPU.ActiveCfg = Release|Any CPU
		{7EA22BD7-54BD-4001-9CD3-95DB53A52903}.Release|Any CPU.Build.0 = Release|Any CPU
	EndGlobalSection
	GlobalSection(SolutionProperties) = preSolution
		HideSolutionNode = FALSE
	EndGlobalSection
	GlobalSection(ExtensibilityGlobals) = postSolution
		SolutionGuid = {57BF358E-D384-4A7B-829E-E7FE033C0717}
	EndGlobalSection
EndGlobal
